{
	"requires": true,
	"lockfileVersion": 1,
	"dependencies": {
		"fs-extra": {
			"version": "6.0.1",
			"resolved": "http://npm.zhinanzhen.ai/fs-extra/-/fs-extra-6.0.1.tgz",
			"integrity": "sha1-irwSj3lG4xATXdyTuYvdtBDno0s=",
			"requires": {
				"graceful-fs": "^4.1.2",
				"jsonfile": "^4.0.0",
				"universalify": "^0.1.0"
			}
		},
		"graceful-fs": {
			"version": "4.1.11",
			"resolved": "http://npm.zhinanzhen.ai/graceful-fs/-/graceful-fs-4.1.11.tgz",
			"integrity": "sha1-Dovf5NHduIVNZOBOp8AOKgJuVlg="
		},
		"jsonfile": {
			"version": "4.0.0",
			"resolved": "http://npm.zhinanzhen.ai/jsonfile/-/jsonfile-4.0.0.tgz",
			"integrity": "sha1-h3Gq4HmbZAdrdmQPygWPnBDjPss=",
			"requires": {
				"graceful-fs": "^4.1.6"
			}
		},
		"lodash": {
			"version": "4.17.10",
			"resolved": "http://npm.zhinanzhen.ai/lodash/-/lodash-4.17.10.tgz",
			"integrity": "sha1-G3eTz3JZ6jj7NmHU04syYK+K5Oc="
		},
		"universalify": {
			"version": "0.1.1",
			"resolved": "http://npm.zhinanzhen.ai/universalify/-/universalify-0.1.1.tgz",
			"integrity": "sha1-+nG63UQ3r0wUiEHjs7Fl+enlkLc="
		}
	}
}
